// !$*UTF8*$!
{
	archiveVersion = 1;
	classes = {
	};
	objectVersion = 46;
	objects = {

/* Begin PBXBuildFile section */
		188AC7551E8B3FB800A58DE0 /* UIKit.framework in Frameworks */ = {isa = PBXBuildFile; fileRef = 188AC7541E8B3FB800A58DE0 /* UIKit.framework */; };
		188AC7571E8B3FC000A58DE0 /* Foundation.framework in Frameworks */ = {isa = PBXBuildFile; fileRef = 188AC7561E8B3FC000A58DE0 /* Foundation.framework */; };
		188AC75A1E8B413F00A58DE0 /* libcrypto.a in Frameworks */ = {isa = PBXBuildFile; fileRef = 188AC7581E8B413F00A58DE0 /* libcrypto.a */; };
		188AC75B1E8B413F00A58DE0 /* libssl.a in Frameworks */ = {isa = PBXBuildFile; fileRef = 188AC7591E8B413F00A58DE0 /* libssl.a */; };
		188AC75E1E8B477300A58DE0 /* UIView+Toast.m in Sources */ = {isa = PBXBuildFile; fileRef = 188AC75D1E8B477300A58DE0 /* UIView+Toast.m */; };
		188AC7681E8B8C7800A58DE0 /* WXUtil.mm in Sources */ = {isa = PBXBuildFile; fileRef = 188AC7651E8B8C7800A58DE0 /* WXUtil.mm */; };
		188AC76B1E8B97E600A58DE0 /* PayViewController.m in Sources */ = {isa = PBXBuildFile; fileRef = 188AC76A1E8B97E600A58DE0 /* PayViewController.m */; };
		1899DFE71E8A7FA300F4DF84 /* main.m in Sources */ = {isa = PBXBuildFile; fileRef = 1899DFE61E8A7FA300F4DF84 /* main.m */; };
		1899DFEA1E8A7FA300F4DF84 /* AppDelegate.m in Sources */ = {isa = PBXBuildFile; fileRef = 1899DFE91E8A7FA300F4DF84 /* AppDelegate.m */; };
		1899DFED1E8A7FA300F4DF84 /* ViewController.m in Sources */ = {isa = PBXBuildFile; fileRef = 1899DFEC1E8A7FA300F4DF84 /* ViewController.m */; };
		1899DFF01E8A7FA300F4DF84 /* Main.storyboard in Resources */ = {isa = PBXBuildFile; fileRef = 1899DFEE1E8A7FA300F4DF84 /* Main.storyboard */; };
		1899DFF21E8A7FA300F4DF84 /* Assets.xcassets in Resources */ = {isa = PBXBuildFile; fileRef = 1899DFF11E8A7FA300F4DF84 /* Assets.xcassets */; };
		1899DFF51E8A7FA300F4DF84 /* LaunchScreen.storyboard in Resources */ = {isa = PBXBuildFile; fileRef = 1899DFF31E8A7FA300F4DF84 /* LaunchScreen.storyboard */; };
		1899E00D1E8A832500F4DF84 /* AlipaySDK.bundle in Resources */ = {isa = PBXBuildFile; fileRef = 1899DFFF1E8A832500F4DF84 /* AlipaySDK.bundle */; };
		1899E00E1E8A832500F4DF84 /* AlipaySDK.framework in Frameworks */ = {isa = PBXBuildFile; fileRef = 1899E0001E8A832500F4DF84 /* AlipaySDK.framework */; };
		1899E0101E8A832500F4DF84 /* libWeChatSDK.a in Frameworks */ = {isa = PBXBuildFile; fileRef = 1899E0081E8A832500F4DF84 /* libWeChatSDK.a */; };
		1899E0111E8A832500F4DF84 /* README.txt in Resources */ = {isa = PBXBuildFile; fileRef = 1899E0091E8A832500F4DF84 /* README.txt */; };
		1899E0161E8A837400F4DF84 /* libPaymentControl.a in Frameworks */ = {isa = PBXBuildFile; fileRef = 1899E0151E8A837400F4DF84 /* libPaymentControl.a */; };
		1899E01E1E8A8AAF00F4DF84 /* CoreTelephony.framework in Frameworks */ = {isa = PBXBuildFile; fileRef = 1899E01D1E8A8AAF00F4DF84 /* CoreTelephony.framework */; };
		1899E0201E8A8ABA00F4DF84 /* libc++.tbd in Frameworks */ = {isa = PBXBuildFile; fileRef = 1899E01F1E8A8ABA00F4DF84 /* libc++.tbd */; };
		1899E0221E8A8AC700F4DF84 /* libsqlite3.0.tbd in Frameworks */ = {isa = PBXBuildFile; fileRef = 1899E0211E8A8AC700F4DF84 /* libsqlite3.0.tbd */; };
		1899E0241E8A8ACF00F4DF84 /* libz.tbd in Frameworks */ = {isa = PBXBuildFile; fileRef = 1899E0231E8A8ACF00F4DF84 /* libz.tbd */; };
		1899E0261E8A8AF600F4DF84 /* SystemConfiguration.framework in Frameworks */ = {isa = PBXBuildFile; fileRef = 1899E0251E8A8AF600F4DF84 /* SystemConfiguration.framework */; };
		1899E0281E8A8B0A00F4DF84 /* QuartzCore.framework in Frameworks */ = {isa = PBXBuildFile; fileRef = 1899E0271E8A8B0A00F4DF84 /* QuartzCore.framework */; };
		1899E02A1E8A8B1300F4DF84 /* CoreText.framework in Frameworks */ = {isa = PBXBuildFile; fileRef = 1899E0291E8A8B1300F4DF84 /* CoreText.framework */; };
		1899E02C1E8A8B1F00F4DF84 /* CoreGraphics.framework in Frameworks */ = {isa = PBXBuildFile; fileRef = 1899E02B1E8A8B1F00F4DF84 /* CoreGraphics.framework */; };
		1899E02E1E8A8B2D00F4DF84 /* CFNetwork.framework in Frameworks */ = {isa = PBXBuildFile; fileRef = 1899E02D1E8A8B2D00F4DF84 /* CFNetwork.framework */; };
		1899E0301E8A8B3D00F4DF84 /* CoreMotion.framework in Frameworks */ = {isa = PBXBuildFile; fileRef = 1899E02F1E8A8B3D00F4DF84 /* CoreMotion.framework */; };
		1899E0331E8A8D0600F4DF84 /* PayToolsManager.m in Sources */ = {isa = PBXBuildFile; fileRef = 1899E0321E8A8D0600F4DF84 /* PayToolsManager.m */; };
		1899E0FD1E8A8F2A00F4DF84 /* Order.m in Sources */ = {isa = PBXBuildFile; fileRef = 1899E0EA1E8A8F2A00F4DF84 /* Order.m */; };
		1899E0FE1E8A8F2A00F4DF84 /* base64.m in Sources */ = {isa = PBXBuildFile; fileRef = 1899E0ED1E8A8F2A00F4DF84 /* base64.m */; };
		1899E0FF1E8A8F2A00F4DF84 /* DataSigner.m in Sources */ = {isa = PBXBuildFile; fileRef = 1899E0F01E8A8F2A00F4DF84 /* DataSigner.m */; };
		1899E1001E8A8F2A00F4DF84 /* DataVerifier.m in Sources */ = {isa = PBXBuildFile; fileRef = 1899E0F21E8A8F2A00F4DF84 /* DataVerifier.m */; };
		1899E1011E8A8F2A00F4DF84 /* MD5DataSigner.m in Sources */ = {isa = PBXBuildFile; fileRef = 1899E0F41E8A8F2A00F4DF84 /* MD5DataSigner.m */; };
		1899E1021E8A8F2A00F4DF84 /* NSDataEx.m in Sources */ = {isa = PBXBuildFile; fileRef = 1899E0F61E8A8F2A00F4DF84 /* NSDataEx.m */; };
		1899E1031E8A8F2A00F4DF84 /* openssl_wrapper.m in Sources */ = {isa = PBXBuildFile; fileRef = 1899E0F81E8A8F2A00F4DF84 /* openssl_wrapper.m */; };
		1899E1041E8A8F2A00F4DF84 /* RSADataSigner.m in Sources */ = {isa = PBXBuildFile; fileRef = 1899E0FA1E8A8F2A00F4DF84 /* RSADataSigner.m */; };
		1899E1051E8A8F2A00F4DF84 /* RSADataVerifier.m in Sources */ = {isa = PBXBuildFile; fileRef = 1899E0FC1E8A8F2A00F4DF84 /* RSADataVerifier.m */; };
/* End PBXBuildFile section */

/* Begin PBXFileReference section */
		188AC7541E8B3FB800A58DE0 /* UIKit.framework */ = {isa = PBXFileReference; lastKnownFileType = wrapper.framework; name = UIKit.framework; path = System/Library/Frameworks/UIKit.framework; sourceTree = SDKROOT; };
		188AC7561E8B3FC000A58DE0 /* Foundation.framework */ = {isa = PBXFileReference; lastKnownFileType = wrapper.framework; name = Foundation.framework; path = System/Library/Frameworks/Foundation.framework; sourceTree = SDKROOT; };
		188AC7581E8B413F00A58DE0 /* libcrypto.a */ = {isa = PBXFileReference; lastKnownFileType = archive.ar; path = libcrypto.a; sourceTree = "<group>"; };
		188AC7591E8B413F00A58DE0 /* libssl.a */ = {isa = PBXFileReference; lastKnownFileType = archive.ar; path = libssl.a; sourceTree = "<group>"; };
		188AC75C1E8B477300A58DE0 /* UIView+Toast.h */ = {isa = PBXFileReference; fileEncoding = 4; lastKnownFileType = sourcecode.c.h; path = "UIView+Toast.h"; sourceTree = "<group>"; };
		188AC75D1E8B477300A58DE0 /* UIView+Toast.m */ = {isa = PBXFileReference; fileEncoding = 4; lastKnownFileType = sourcecode.c.objc; path = "UIView+Toast.m"; sourceTree = "<group>"; };
		188AC75F1E8B4DE700A58DE0 /* PayConfing.h */ = {isa = PBXFileReference; lastKnownFileType = sourcecode.c.h; path = PayConfing.h; sourceTree = "<group>"; };
		188AC7641E8B8C7800A58DE0 /* WXUtil.h */ = {isa = PBXFileReference; fileEncoding = 4; lastKnownFileType = sourcecode.c.h; path = WXUtil.h; sourceTree = "<group>"; };
		188AC7651E8B8C7800A58DE0 /* WXUtil.mm */ = {isa = PBXFileReference; fileEncoding = 4; lastKnownFileType = sourcecode.cpp.objcpp; path = WXUtil.mm; sourceTree = "<group>"; };
		188AC7691E8B97E600A58DE0 /* PayViewController.h */ = {isa = PBXFileReference; fileEncoding = 4; lastKnownFileType = sourcecode.c.h; path = PayViewController.h; sourceTree = "<group>"; };
		188AC76A1E8B97E600A58DE0 /* PayViewController.m */ = {isa = PBXFileReference; fileEncoding = 4; lastKnownFileType = sourcecode.c.objc; path = PayViewController.m; sourceTree = "<group>"; };
		1899DFE21E8A7FA300F4DF84 /* PayToolsProject.app */ = {isa = PBXFileReference; explicitFileType = wrapper.application; includeInIndex = 0; path = PayToolsProject.app; sourceTree = BUILT_PRODUCTS_DIR; };
		1899DFE61E8A7FA300F4DF84 /* main.m */ = {isa = PBXFileReference; lastKnownFileType = sourcecode.c.objc; path = main.m; sourceTree = "<group>"; };
		1899DFE81E8A7FA300F4DF84 /* AppDelegate.h */ = {isa = PBXFileReference; lastKnownFileType = sourcecode.c.h; path = AppDelegate.h; sourceTree = "<group>"; };
		1899DFE91E8A7FA300F4DF84 /* AppDelegate.m */ = {isa = PBXFileReference; lastKnownFileType = sourcecode.c.objc; path = AppDelegate.m; sourceTree = "<group>"; };
		1899DFEB1E8A7FA300F4DF84 /* ViewController.h */ = {isa = PBXFileReference; lastKnownFileType = sourcecode.c.h; path = ViewController.h; sourceTree = "<group>"; };
		1899DFEC1E8A7FA300F4DF84 /* ViewController.m */ = {isa = PBXFileReference; lastKnownFileType = sourcecode.c.objc; path = ViewController.m; sourceTree = "<group>"; };
		1899DFEF1E8A7FA300F4DF84 /* Base */ = {isa = PBXFileReference; lastKnownFileType = file.storyboard; name = Base; path = Base.lproj/Main.storyboard; sourceTree = "<group>"; };
		1899DFF11E8A7FA300F4DF84 /* Assets.xcassets */ = {isa = PBXFileReference; lastKnownFileType = folder.assetcatalog; path = Assets.xcassets; sourceTree = "<group>"; };
		1899DFF41E8A7FA300F4DF84 /* Base */ = {isa = PBXFileReference; lastKnownFileType = file.storyboard; name = Base; path = Base.lproj/LaunchScreen.storyboard; sourceTree = "<group>"; };
		1899DFF61E8A7FA300F4DF84 /* Info.plist */ = {isa = PBXFileReference; lastKnownFileType = text.plist.xml; path = Info.plist; sourceTree = "<group>"; };
		1899DFFF1E8A832500F4DF84 /* AlipaySDK.bundle */ = {isa = PBXFileReference; lastKnownFileType = "wrapper.plug-in"; path = AlipaySDK.bundle; sourceTree = "<group>"; };
		1899E0001E8A832500F4DF84 /* AlipaySDK.framework */ = {isa = PBXFileReference; lastKnownFileType = wrapper.framework; path = AlipaySDK.framework; sourceTree = "<group>"; };
		1899E0081E8A832500F4DF84 /* libWeChatSDK.a */ = {isa = PBXFileReference; lastKnownFileType = archive.ar; path = libWeChatSDK.a; sourceTree = "<group>"; };
		1899E0091E8A832500F4DF84 /* README.txt */ = {isa = PBXFileReference; fileEncoding = 4; lastKnownFileType = text; path = README.txt; sourceTree = "<group>"; };
		1899E00A1E8A832500F4DF84 /* WechatAuthSDK.h */ = {isa = PBXFileReference; fileEncoding = 4; lastKnownFileType = sourcecode.c.h; path = WechatAuthSDK.h; sourceTree = "<group>"; };
		1899E00B1E8A832500F4DF84 /* WXApi.h */ = {isa = PBXFileReference; fileEncoding = 4; lastKnownFileType = sourcecode.c.h; path = WXApi.h; sourceTree = "<group>"; };
		1899E00C1E8A832500F4DF84 /* WXApiObject.h */ = {isa = PBXFileReference; fileEncoding = 4; lastKnownFileType = sourcecode.c.h; path = WXApiObject.h; sourceTree = "<group>"; };
		1899E0131E8A837400F4DF84 /* UPPaymentControl.h */ = {isa = PBXFileReference; fileEncoding = 4; lastKnownFileType = sourcecode.c.h; path = UPPaymentControl.h; sourceTree = "<group>"; };
		1899E0151E8A837400F4DF84 /* libPaymentControl.a */ = {isa = PBXFileReference; lastKnownFileType = archive.ar; path = libPaymentControl.a; sourceTree = "<group>"; };
		1899E01D1E8A8AAF00F4DF84 /* CoreTelephony.framework */ = {isa = PBXFileReference; lastKnownFileType = wrapper.framework; name = CoreTelephony.framework; path = System/Library/Frameworks/CoreTelephony.framework; sourceTree = SDKROOT; };
		1899E01F1E8A8ABA00F4DF84 /* libc++.tbd */ = {isa = PBXFileReference; lastKnownFileType = "sourcecode.text-based-dylib-definition"; name = "libc++.tbd"; path = "usr/lib/libc++.tbd"; sourceTree = SDKROOT; };
		1899E0211E8A8AC700F4DF84 /* libsqlite3.0.tbd */ = {isa = PBXFileReference; lastKnownFileType = "sourcecode.text-based-dylib-definition"; name = libsqlite3.0.tbd; path = usr/lib/libsqlite3.0.tbd; sourceTree = SDKROOT; };
		1899E0231E8A8ACF00F4DF84 /* libz.tbd */ = {isa = PBXFileReference; lastKnownFileType = "sourcecode.text-based-dylib-definition"; name = libz.tbd; path = usr/lib/libz.tbd; sourceTree = SDKROOT; };
		1899E0251E8A8AF600F4DF84 /* SystemConfiguration.framework */ = {isa = PBXFileReference; lastKnownFileType = wrapper.framework; name = SystemConfiguration.framework; path = System/Library/Frameworks/SystemConfiguration.framework; sourceTree = SDKROOT; };
		1899E0271E8A8B0A00F4DF84 /* QuartzCore.framework */ = {isa = PBXFileReference; lastKnownFileType = wrapper.framework; name = QuartzCore.framework; path = System/Library/Frameworks/QuartzCore.framework; sourceTree = SDKROOT; };
		1899E0291E8A8B1300F4DF84 /* CoreText.framework */ = {isa = PBXFileReference; lastKnownFileType = wrapper.framework; name = CoreText.framework; path = System/Library/Frameworks/CoreText.framework; sourceTree = SDKROOT; };
		1899E02B1E8A8B1F00F4DF84 /* CoreGraphics.framework */ = {isa = PBXFileReference; lastKnownFileType = wrapper.framework; name = CoreGraphics.framework; path = System/Library/Frameworks/CoreGraphics.framework; sourceTree = SDKROOT; };
		1899E02D1E8A8B2D00F4DF84 /* CFNetwork.framework */ = {isa = PBXFileReference; lastKnownFileType = wrapper.framework; name = CFNetwork.framework; path = System/Library/Frameworks/CFNetwork.framework; sourceTree = SDKROOT; };
		1899E02F1E8A8B3D00F4DF84 /* CoreMotion.framework */ = {isa = PBXFileReference; lastKnownFileType = wrapper.framework; name = CoreMotion.framework; path = System/Library/Frameworks/CoreMotion.framework; sourceTree = SDKROOT; };
		1899E0311E8A8D0600F4DF84 /* PayToolsManager.h */ = {isa = PBXFileReference; fileEncoding = 4; lastKnownFileType = sourcecode.c.h; path = PayToolsManager.h; sourceTree = "<group>"; };
		1899E0321E8A8D0600F4DF84 /* PayToolsManager.m */ = {isa = PBXFileReference; fileEncoding = 4; lastKnownFileType = sourcecode.c.objc; path = PayToolsManager.m; sourceTree = "<group>"; };
		1899E09E1E8A8F2A00F4DF84 /* aes.h */ = {isa = PBXFileReference; fileEncoding = 4; lastKnownFileType = sourcecode.c.h; path = aes.h; sourceTree = "<group>"; };
		1899E09F1E8A8F2A00F4DF84 /* asn1.h */ = {isa = PBXFileReference; fileEncoding = 4; lastKnownFileType = sourcecode.c.h; path = asn1.h; sourceTree = "<group>"; };
		1899E0A01E8A8F2A00F4DF84 /* asn1_mac.h */ = {isa = PBXFileReference; fileEncoding = 4; lastKnownFileType = sourcecode.c.h; path = asn1_mac.h; sourceTree = "<group>"; };
		1899E0A11E8A8F2A00F4DF84 /* asn1t.h */ = {isa = PBXFileReference; fileEncoding = 4; lastKnownFileType = sourcecode.c.h; path = asn1t.h; sourceTree = "<group>"; };
		1899E0A21E8A8F2A00F4DF84 /* bio.h */ = {isa = PBXFileReference; fileEncoding = 4; lastKnownFileType = sourcecode.c.h; path = bio.h; sourceTree = "<group>"; };
		1899E0A31E8A8F2A00F4DF84 /* blowfish.h */ = {isa = PBXFileReference; fileEncoding = 4; lastKnownFileType = sourcecode.c.h; path = blowfish.h; sourceTree = "<group>"; };
		1899E0A41E8A8F2A00F4DF84 /* bn.h */ = {isa = PBXFileReference; fileEncoding = 4; lastKnownFileType = sourcecode.c.h; path = bn.h; sourceTree = "<group>"; };
		1899E0A51E8A8F2A00F4DF84 /* buffer.h */ = {isa = PBXFileReference; fileEncoding = 4; lastKnownFileType = sourcecode.c.h; path = buffer.h; sourceTree = "<group>"; };
		1899E0A61E8A8F2A00F4DF84 /* camellia.h */ = {isa = PBXFileReference; fileEncoding = 4; lastKnownFileType = sourcecode.c.h; path = camellia.h; sourceTree = "<group>"; };
		1899E0A71E8A8F2A00F4DF84 /* cast.h */ = {isa = PBXFileReference; fileEncoding = 4; lastKnownFileType = sourcecode.c.h; path = cast.h; sourceTree = "<group>"; };
		1899E0A81E8A8F2A00F4DF84 /* cmac.h */ = {isa = PBXFileReference; fileEncoding = 4; lastKnownFileType = sourcecode.c.h; path = cmac.h; sourceTree = "<group>"; };
		1899E0A91E8A8F2A00F4DF84 /* cms.h */ = {isa = PBXFileReference; fileEncoding = 4; lastKnownFileType = sourcecode.c.h; path = cms.h; sourceTree = "<group>"; };
		1899E0AA1E8A8F2A00F4DF84 /* comp.h */ = {isa = PBXFileReference; fileEncoding = 4; lastKnownFileType = sourcecode.c.h; path = comp.h; sourceTree = "<group>"; };
		1899E0AB1E8A8F2A00F4DF84 /* conf.h */ = {isa = PBXFileReference; fileEncoding = 4; lastKnownFileType = sourcecode.c.h; path = conf.h; sourceTree = "<group>"; };
		1899E0AC1E8A8F2A00F4DF84 /* conf_api.h */ = {isa = PBXFileReference; fileEncoding = 4; lastKnownFileType = sourcecode.c.h; path = conf_api.h; sourceTree = "<group>"; };
		1899E0AD1E8A8F2A00F4DF84 /* crypto.h */ = {isa = PBXFileReference; fileEncoding = 4; lastKnownFileType = sourcecode.c.h; path = crypto.h; sourceTree = "<group>"; };
		1899E0AE1E8A8F2A00F4DF84 /* des.h */ = {isa = PBXFileReference; fileEncoding = 4; lastKnownFileType = sourcecode.c.h; path = des.h; sourceTree = "<group>"; };
		1899E0AF1E8A8F2A00F4DF84 /* des_old.h */ = {isa = PBXFileReference; fileEncoding = 4; lastKnownFileType = sourcecode.c.h; path = des_old.h; sourceTree = "<group>"; };
		1899E0B01E8A8F2A00F4DF84 /* dh.h */ = {isa = PBXFileReference; fileEncoding = 4; lastKnownFileType = sourcecode.c.h; path = dh.h; sourceTree = "<group>"; };
		1899E0B11E8A8F2A00F4DF84 /* dsa.h */ = {isa = PBXFileReference; fileEncoding = 4; lastKnownFileType = sourcecode.c.h; path = dsa.h; sourceTree = "<group>"; };
		1899E0B21E8A8F2A00F4DF84 /* dso.h */ = {isa = PBXFileReference; fileEncoding = 4; lastKnownFileType = sourcecode.c.h; path = dso.h; sourceTree = "<group>"; };
		1899E0B31E8A8F2A00F4DF84 /* dtls1.h */ = {isa = PBXFileReference; fileEncoding = 4; lastKnownFileType = sourcecode.c.h; path = dtls1.h; sourceTree = "<group>"; };
		1899E0B41E8A8F2A00F4DF84 /* e_os2.h */ = {isa = PBXFileReference; fileEncoding = 4; lastKnownFileType = sourcecode.c.h; path = e_os2.h; sourceTree = "<group>"; };
		1899E0B51E8A8F2A00F4DF84 /* ebcdic.h */ = {isa = PBXFileReference; fileEncoding = 4; lastKnownFileType = sourcecode.c.h; path = ebcdic.h; sourceTree = "<group>"; };
		1899E0B61E8A8F2A00F4DF84 /* ec.h */ = {isa = PBXFileReference; fileEncoding = 4; lastKnownFileType = sourcecode.c.h; path = ec.h; sourceTree = "<group>"; };
		1899E0B71E8A8F2A00F4DF84 /* ecdh.h */ = {isa = PBXFileReference; fileEncoding = 4; lastKnownFileType = sourcecode.c.h; path = ecdh.h; sourceTree = "<group>"; };
		1899E0B81E8A8F2A00F4DF84 /* ecdsa.h */ = {isa = PBXFileReference; fileEncoding = 4; lastKnownFileType = sourcecode.c.h; path = ecdsa.h; sourceTree = "<group>"; };
		1899E0B91E8A8F2A00F4DF84 /* engine.h */ = {isa = PBXFileReference; fileEncoding = 4; lastKnownFileType = sourcecode.c.h; path = engine.h; sourceTree = "<group>"; };
		1899E0BA1E8A8F2A00F4DF84 /* err.h */ = {isa = PBXFileReference; fileEncoding = 4; lastKnownFileType = sourcecode.c.h; path = err.h; sourceTree = "<group>"; };
		1899E0BB1E8A8F2A00F4DF84 /* evp.h */ = {isa = PBXFileReference; fileEncoding = 4; lastKnownFileType = sourcecode.c.h; path = evp.h; sourceTree = "<group>"; };
		1899E0BC1E8A8F2A00F4DF84 /* hmac.h */ = {isa = PBXFileReference; fileEncoding = 4; lastKnownFileType = sourcecode.c.h; path = hmac.h; sourceTree = "<group>"; };
		1899E0BD1E8A8F2A00F4DF84 /* idea.h */ = {isa = PBXFileReference; fileEncoding = 4; lastKnownFileType = sourcecode.c.h; path = idea.h; sourceTree = "<group>"; };
		1899E0BE1E8A8F2A00F4DF84 /* krb5_asn.h */ = {isa = PBXFileReference; fileEncoding = 4; lastKnownFileType = sourcecode.c.h; path = krb5_asn.h; sourceTree = "<group>"; };
		1899E0BF1E8A8F2A00F4DF84 /* kssl.h */ = {isa = PBXFileReference; fileEncoding = 4; lastKnownFileType = sourcecode.c.h; path = kssl.h; sourceTree = "<group>"; };
		1899E0C01E8A8F2A00F4DF84 /* lhash.h */ = {isa = PBXFileReference; fileEncoding = 4; lastKnownFileType = sourcecode.c.h; path = lhash.h; sourceTree = "<group>"; };
		1899E0C11E8A8F2A00F4DF84 /* md4.h */ = {isa = PBXFileReference; fileEncoding = 4; lastKnownFileType = sourcecode.c.h; path = md4.h; sourceTree = "<group>"; };
		1899E0C21E8A8F2A00F4DF84 /* md5.h */ = {isa = PBXFileReference; fileEncoding = 4; lastKnownFileType = sourcecode.c.h; path = md5.h; sourceTree = "<group>"; };
		1899E0C31E8A8F2A00F4DF84 /* mdc2.h */ = {isa = PBXFileReference; fileEncoding = 4; lastKnownFileType = sourcecode.c.h; path = mdc2.h; sourceTree = "<group>"; };
		1899E0C41E8A8F2A00F4DF84 /* modes.h */ = {isa = PBXFileReference; fileEncoding = 4; lastKnownFileType = sourcecode.c.h; path = modes.h; sourceTree = "<group>"; };
		1899E0C51E8A8F2A00F4DF84 /* obj_mac.h */ = {isa = PBXFileReference; fileEncoding = 4; lastKnownFileType = sourcecode.c.h; path = obj_mac.h; sourceTree = "<group>"; };
		1899E0C61E8A8F2A00F4DF84 /* objects.h */ = {isa = PBXFileReference; fileEncoding = 4; lastKnownFileType = sourcecode.c.h; path = objects.h; sourceTree = "<group>"; };
		1899E0C71E8A8F2A00F4DF84 /* ocsp.h */ = {isa = PBXFileReference; fileEncoding = 4; lastKnownFileType = sourcecode.c.h; path = ocsp.h; sourceTree = "<group>"; };
		1899E0C81E8A8F2A00F4DF84 /* opensslconf.h */ = {isa = PBXFileReference; fileEncoding = 4; lastKnownFileType = sourcecode.c.h; path = opensslconf.h; sourceTree = "<group>"; };
		1899E0C91E8A8F2A00F4DF84 /* opensslv.h */ = {isa = PBXFileReference; fileEncoding = 4; lastKnownFileType = sourcecode.c.h; path = opensslv.h; sourceTree = "<group>"; };
		1899E0CA1E8A8F2A00F4DF84 /* ossl_typ.h */ = {isa = PBXFileReference; fileEncoding = 4; lastKnownFileType = sourcecode.c.h; path = ossl_typ.h; sourceTree = "<group>"; };
		1899E0CB1E8A8F2A00F4DF84 /* pem.h */ = {isa = PBXFileReference; fileEncoding = 4; lastKnownFileType = sourcecode.c.h; path = pem.h; sourceTree = "<group>"; };
		1899E0CC1E8A8F2A00F4DF84 /* pem2.h */ = {isa = PBXFileReference; fileEncoding = 4; lastKnownFileType = sourcecode.c.h; path = pem2.h; sourceTree = "<group>"; };
		1899E0CD1E8A8F2A00F4DF84 /* pkcs12.h */ = {isa = PBXFileReference; fileEncoding = 4; lastKnownFileType = sourcecode.c.h; path = pkcs12.h; sourceTree = "<group>"; };
		1899E0CE1E8A8F2A00F4DF84 /* pkcs7.h */ = {isa = PBXFileReference; fileEncoding = 4; lastKnownFileType = sourcecode.c.h; path = pkcs7.h; sourceTree = "<group>"; };
		1899E0CF1E8A8F2A00F4DF84 /* pqueue.h */ = {isa = PBXFileReference; fileEncoding = 4; lastKnownFileType = sourcecode.c.h; path = pqueue.h; sourceTree = "<group>"; };
		1899E0D01E8A8F2A00F4DF84 /* rand.h */ = {isa = PBXFileReference; fileEncoding = 4; lastKnownFileType = sourcecode.c.h; path = rand.h; sourceTree = "<group>"; };
		1899E0D11E8A8F2A00F4DF84 /* rc2.h */ = {isa = PBXFileReference; fileEncoding = 4; lastKnownFileType = sourcecode.c.h; path = rc2.h; sourceTree = "<group>"; };
		1899E0D21E8A8F2A00F4DF84 /* rc4.h */ = {isa = PBXFileReference; fileEncoding = 4; lastKnownFileType = sourcecode.c.h; path = rc4.h; sourceTree = "<group>"; };
		1899E0D31E8A8F2A00F4DF84 /* ripemd.h */ = {isa = PBXFileReference; fileEncoding = 4; lastKnownFileType = sourcecode.c.h; path = ripemd.h; sourceTree = "<group>"; };
		1899E0D41E8A8F2A00F4DF84 /* rsa.h */ = {isa = PBXFileReference; fileEncoding = 4; lastKnownFileType = sourcecode.c.h; path = rsa.h; sourceTree = "<group>"; };
		1899E0D51E8A8F2A00F4DF84 /* safestack.h */ = {isa = PBXFileReference; fileEncoding = 4; lastKnownFileType = sourcecode.c.h; path = safestack.h; sourceTree = "<group>"; };
		1899E0D61E8A8F2A00F4DF84 /* seed.h */ = {isa = PBXFileReference; fileEncoding = 4; lastKnownFileType = sourcecode.c.h; path = seed.h; sourceTree = "<group>"; };
		1899E0D71E8A8F2A00F4DF84 /* sha.h */ = {isa = PBXFileReference; fileEncoding = 4; lastKnownFileType = sourcecode.c.h; path = sha.h; sourceTree = "<group>"; };
		1899E0D81E8A8F2A00F4DF84 /* srp.h */ = {isa = PBXFileReference; fileEncoding = 4; lastKnownFileType = sourcecode.c.h; path = srp.h; sourceTree = "<group>"; };
		1899E0D91E8A8F2A00F4DF84 /* srtp.h */ = {isa = PBXFileReference; fileEncoding = 4; lastKnownFileType = sourcecode.c.h; path = srtp.h; sourceTree = "<group>"; };
		1899E0DA1E8A8F2A00F4DF84 /* ssl.h */ = {isa = PBXFileReference; fileEncoding = 4; lastKnownFileType = sourcecode.c.h; path = ssl.h; sourceTree = "<group>"; };
		1899E0DB1E8A8F2A00F4DF84 /* ssl2.h */ = {isa = PBXFileReference; fileEncoding = 4; lastKnownFileType = sourcecode.c.h; path = ssl2.h; sourceTree = "<group>"; };
		1899E0DC1E8A8F2A00F4DF84 /* ssl23.h */ = {isa = PBXFileReference; fileEncoding = 4; lastKnownFileType = sourcecode.c.h; path = ssl23.h; sourceTree = "<group>"; };
		1899E0DD1E8A8F2A00F4DF84 /* ssl3.h */ = {isa = PBXFileReference; fileEncoding = 4; lastKnownFileType = sourcecode.c.h; path = ssl3.h; sourceTree = "<group>"; };
		1899E0DE1E8A8F2A00F4DF84 /* stack.h */ = {isa = PBXFileReference; fileEncoding = 4; lastKnownFileType = sourcecode.c.h; path = stack.h; sourceTree = "<group>"; };
		1899E0DF1E8A8F2A00F4DF84 /* symhacks.h */ = {isa = PBXFileReference; fileEncoding = 4; lastKnownFileType = sourcecode.c.h; path = symhacks.h; sourceTree = "<group>"; };
		1899E0E01E8A8F2A00F4DF84 /* tls1.h */ = {isa = PBXFileReference; fileEncoding = 4; lastKnownFileType = sourcecode.c.h; path = tls1.h; sourceTree = "<group>"; };
		1899E0E11E8A8F2A00F4DF84 /* ts.h */ = {isa = PBXFileReference; fileEncoding = 4; lastKnownFileType = sourcecode.c.h; path = ts.h; sourceTree = "<group>"; };
		1899E0E21E8A8F2A00F4DF84 /* txt_db.h */ = {isa = PBXFileReference; fileEncoding = 4; lastKnownFileType = sourcecode.c.h; path = txt_db.h; sourceTree = "<group>"; };
		1899E0E31E8A8F2A00F4DF84 /* ui.h */ = {isa = PBXFileReference; fileEncoding = 4; lastKnownFileType = sourcecode.c.h; path = ui.h; sourceTree = "<group>"; };
		1899E0E41E8A8F2A00F4DF84 /* ui_compat.h */ = {isa = PBXFileReference; fileEncoding = 4; lastKnownFileType = sourcecode.c.h; path = ui_compat.h; sourceTree = "<group>"; };
		1899E0E51E8A8F2A00F4DF84 /* whrlpool.h */ = {isa = PBXFileReference; fileEncoding = 4; lastKnownFileType = sourcecode.c.h; path = whrlpool.h; sourceTree = "<group>"; };
		1899E0E61E8A8F2A00F4DF84 /* x509.h */ = {isa = PBXFileReference; fileEncoding = 4; lastKnownFileType = sourcecode.c.h; path = x509.h; sourceTree = "<group>"; };
		1899E0E71E8A8F2A00F4DF84 /* x509_vfy.h */ = {isa = PBXFileReference; fileEncoding = 4; lastKnownFileType = sourcecode.c.h; path = x509_vfy.h; sourceTree = "<group>"; };
		1899E0E81E8A8F2A00F4DF84 /* x509v3.h */ = {isa = PBXFileReference; fileEncoding = 4; lastKnownFileType = sourcecode.c.h; path = x509v3.h; sourceTree = "<group>"; };
		1899E0E91E8A8F2A00F4DF84 /* Order.h */ = {isa = PBXFileReference; fileEncoding = 4; lastKnownFileType = sourcecode.c.h; path = Order.h; sourceTree = "<group>"; };
		1899E0EA1E8A8F2A00F4DF84 /* Order.m */ = {isa = PBXFileReference; fileEncoding = 4; lastKnownFileType = sourcecode.c.objc; path = Order.m; sourceTree = "<group>"; };
		1899E0EC1E8A8F2A00F4DF84 /* base64.h */ = {isa = PBXFileReference; fileEncoding = 4; lastKnownFileType = sourcecode.c.h; path = base64.h; sourceTree = "<group>"; };
		1899E0ED1E8A8F2A00F4DF84 /* base64.m */ = {isa = PBXFileReference; fileEncoding = 4; lastKnownFileType = sourcecode.c.objc; path = base64.m; sourceTree = "<group>"; };
		1899E0EE1E8A8F2A00F4DF84 /* config.h */ = {isa = PBXFileReference; fileEncoding = 4; lastKnownFileType = sourcecode.c.h; path = config.h; sourceTree = "<group>"; };
		1899E0EF1E8A8F2A00F4DF84 /* DataSigner.h */ = {isa = PBXFileReference; fileEncoding = 4; lastKnownFileType = sourcecode.c.h; path = DataSigner.h; sourceTree = "<group>"; };
		1899E0F01E8A8F2A00F4DF84 /* DataSigner.m */ = {isa = PBXFileReference; fileEncoding = 4; lastKnownFileType = sourcecode.c.objc; path = DataSigner.m; sourceTree = "<group>"; };
		1899E0F11E8A8F2A00F4DF84 /* DataVerifier.h */ = {isa = PBXFileReference; fileEncoding = 4; lastKnownFileType = sourcecode.c.h; path = DataVerifier.h; sourceTree = "<group>"; };
		1899E0F21E8A8F2A00F4DF84 /* DataVerifier.m */ = {isa = PBXFileReference; fileEncoding = 4; lastKnownFileType = sourcecode.c.objc; path = DataVerifier.m; sourceTree = "<group>"; };
		1899E0F31E8A8F2A00F4DF84 /* MD5DataSigner.h */ = {isa = PBXFileReference; fileEncoding = 4; lastKnownFileType = sourcecode.c.h; path = MD5DataSigner.h; sourceTree = "<group>"; };
		1899E0F41E8A8F2A00F4DF84 /* MD5DataSigner.m */ = {isa = PBXFileReference; fileEncoding = 4; lastKnownFileType = sourcecode.c.objc; path = MD5DataSigner.m; sourceTree = "<group>"; };
		1899E0F51E8A8F2A00F4DF84 /* NSDataEx.h */ = {isa = PBXFileReference; fileEncoding = 4; lastKnownFileType = sourcecode.c.h; path = NSDataEx.h; sourceTree = "<group>"; };
		1899E0F61E8A8F2A00F4DF84 /* NSDataEx.m */ = {isa = PBXFileReference; fileEncoding = 4; lastKnownFileType = sourcecode.c.objc; path = NSDataEx.m; sourceTree = "<group>"; };
		1899E0F71E8A8F2A00F4DF84 /* openssl_wrapper.h */ = {isa = PBXFileReference; fileEncoding = 4; lastKnownFileType = sourcecode.c.h; path = openssl_wrapper.h; sourceTree = "<group>"; };
		1899E0F81E8A8F2A00F4DF84 /* openssl_wrapper.m */ = {isa = PBXFileReference; fileEncoding = 4; lastKnownFileType = sourcecode.c.objc; path = openssl_wrapper.m; sourceTree = "<group>"; };
		1899E0F91E8A8F2A00F4DF84 /* RSADataSigner.h */ = {isa = PBXFileReference; fileEncoding = 4; lastKnownFileType = sourcecode.c.h; path = RSADataSigner.h; sourceTree = "<group>"; };
		1899E0FA1E8A8F2A00F4DF84 /* RSADataSigner.m */ = {isa = PBXFileReference; fileEncoding = 4; lastKnownFileType = sourcecode.c.objc; path = RSADataSigner.m; sourceTree = "<group>"; };
		1899E0FB1E8A8F2A00F4DF84 /* RSADataVerifier.h */ = {isa = PBXFileReference; fileEncoding = 4; lastKnownFileType = sourcecode.c.h; path = RSADataVerifier.h; sourceTree = "<group>"; };
		1899E0FC1E8A8F2A00F4DF84 /* RSADataVerifier.m */ = {isa = PBXFileReference; fileEncoding = 4; lastKnownFileType = sourcecode.c.objc; path = RSADataVerifier.m; sourceTree = "<group>"; };
/* End PBXFileReference section */

/* Begin PBXFrameworksBuildPhase section */
		1899DFDF1E8A7FA300F4DF84 /* Frameworks */ = {
			isa = PBXFrameworksBuildPhase;
			buildActionMask = 2147483647;
			files = (
				188AC7571E8B3FC000A58DE0 /* Foundation.framework in Frameworks */,
				188AC7551E8B3FB800A58DE0 /* UIKit.framework in Frameworks */,
				188AC75A1E8B413F00A58DE0 /* libcrypto.a in Frameworks */,
				1899E0301E8A8B3D00F4DF84 /* CoreMotion.framework in Frameworks */,
				1899E02E1E8A8B2D00F4DF84 /* CFNetwork.framework in Frameworks */,
				1899E02C1E8A8B1F00F4DF84 /* CoreGraphics.framework in Frameworks */,
				1899E02A1E8A8B1300F4DF84 /* CoreText.framework in Frameworks */,
				1899E0281E8A8B0A00F4DF84 /* QuartzCore.framework in Frameworks */,
				1899E0261E8A8AF600F4DF84 /* SystemConfiguration.framework in Frameworks */,
				1899E0241E8A8ACF00F4DF84 /* libz.tbd in Frameworks */,
				1899E0221E8A8AC700F4DF84 /* libsqlite3.0.tbd in Frameworks */,
				188AC75B1E8B413F00A58DE0 /* libssl.a in Frameworks */,
				1899E0201E8A8ABA00F4DF84 /* libc++.tbd in Frameworks */,
				1899E01E1E8A8AAF00F4DF84 /* CoreTelephony.framework in Frameworks */,
				1899E00E1E8A832500F4DF84 /* AlipaySDK.framework in Frameworks */,
				1899E0101E8A832500F4DF84 /* libWeChatSDK.a in Frameworks */,
				1899E0161E8A837400F4DF84 /* libPaymentControl.a in Frameworks */,
			);
			runOnlyForDeploymentPostprocessing = 0;
		};
/* End PBXFrameworksBuildPhase section */

/* Begin PBXGroup section */
		1899DFD91E8A7FA300F4DF84 = {
			isa = PBXGroup;
			children = (
				1899DFE41E8A7FA300F4DF84 /* PayToolsProject */,
				1899DFE31E8A7FA300F4DF84 /* Products */,
				1899E01C1E8A8AAF00F4DF84 /* Frameworks */,
			);
			sourceTree = "<group>";
		};
		1899DFE31E8A7FA300F4DF84 /* Products */ = {
			isa = PBXGroup;
			children = (
				1899DFE21E8A7FA300F4DF84 /* PayToolsProject.app */,
			);
			name = Products;
			sourceTree = "<group>";
		};
		1899DFE41E8A7FA300F4DF84 /* PayToolsProject */ = {
			isa = PBXGroup;
			children = (
				1899DFFC1E8A7FE700F4DF84 /* PayTools */,
				1899DFE81E8A7FA300F4DF84 /* AppDelegate.h */,
				1899DFE91E8A7FA300F4DF84 /* AppDelegate.m */,
				1899DFEB1E8A7FA300F4DF84 /* ViewController.h */,
				1899DFEC1E8A7FA300F4DF84 /* ViewController.m */,
				188AC7691E8B97E600A58DE0 /* PayViewController.h */,
				188AC76A1E8B97E600A58DE0 /* PayViewController.m */,
				1899DFEE1E8A7FA300F4DF84 /* Main.storyboard */,
				1899DFF11E8A7FA300F4DF84 /* Assets.xcassets */,
				1899DFF31E8A7FA300F4DF84 /* LaunchScreen.storyboard */,
				1899DFF61E8A7FA300F4DF84 /* Info.plist */,
				1899DFE51E8A7FA300F4DF84 /* Supporting Files */,
			);
			path = PayToolsProject;
			sourceTree = "<group>";
		};
		1899DFE51E8A7FA300F4DF84 /* Supporting Files */ = {
			isa = PBXGroup;
			children = (
				1899DFE61E8A7FA300F4DF84 /* main.m */,
			);
			name = "Supporting Files";
			sourceTree = "<group>";
		};
		1899DFFC1E8A7FE700F4DF84 /* PayTools */ = {
			isa = PBXGroup;
			children = (
				1899DFFD1E8A7FF700F4DF84 /* SDK */,
				188AC75C1E8B477300A58DE0 /* UIView+Toast.h */,
				188AC75D1E8B477300A58DE0 /* UIView+Toast.m */,
				188AC75F1E8B4DE700A58DE0 /* PayConfing.h */,
				1899E0311E8A8D0600F4DF84 /* PayToolsManager.h */,
				1899E0321E8A8D0600F4DF84 /* PayToolsManager.m */,
			);
			path = PayTools;
			sourceTree = "<group>";
		};
		1899DFFD1E8A7FF700F4DF84 /* SDK */ = {
			isa = PBXGroup;
			children = (
				1899DFFE1E8A832500F4DF84 /* AliPay */,
				1899E0011E8A832500F4DF84 /* Unionpay */,
				1899E0071E8A832500F4DF84 /* WeChat */,
			);
			path = SDK;
			sourceTree = "<group>";
		};
		1899DFFE1E8A832500F4DF84 /* AliPay */ = {
			isa = PBXGroup;
			children = (
				1899E0EB1E8A8F2A00F4DF84 /* Util */,
				1899E09D1E8A8F2A00F4DF84 /* openssl */,
				188AC7581E8B413F00A58DE0 /* libcrypto.a */,
				188AC7591E8B413F00A58DE0 /* libssl.a */,
				1899E0E91E8A8F2A00F4DF84 /* Order.h */,
				1899E0EA1E8A8F2A00F4DF84 /* Order.m */,
				1899DFFF1E8A832500F4DF84 /* AlipaySDK.bundle */,
				1899E0001E8A832500F4DF84 /* AlipaySDK.framework */,
			);
			path = AliPay;
			sourceTree = "<group>";
		};
		1899E0011E8A832500F4DF84 /* Unionpay */ = {
			isa = PBXGroup;
			children = (
				1899E0121E8A837400F4DF84 /* inc */,
				1899E0141E8A837400F4DF84 /* libs */,
			);
			path = Unionpay;
			sourceTree = "<group>";
		};
		1899E0071E8A832500F4DF84 /* WeChat */ = {
			isa = PBXGroup;
			children = (
				1899E0081E8A832500F4DF84 /* libWeChatSDK.a */,
				1899E0091E8A832500F4DF84 /* README.txt */,
				1899E00A1E8A832500F4DF84 /* WechatAuthSDK.h */,
				1899E00B1E8A832500F4DF84 /* WXApi.h */,
				1899E00C1E8A832500F4DF84 /* WXApiObject.h */,
				188AC7641E8B8C7800A58DE0 /* WXUtil.h */,
				188AC7651E8B8C7800A58DE0 /* WXUtil.mm */,
			);
			path = WeChat;
			sourceTree = "<group>";
		};
		1899E0121E8A837400F4DF84 /* inc */ = {
			isa = PBXGroup;
			children = (
				1899E0131E8A837400F4DF84 /* UPPaymentControl.h */,
			);
			path = inc;
			sourceTree = "<group>";
		};
		1899E0141E8A837400F4DF84 /* libs */ = {
			isa = PBXGroup;
			children = (
				1899E0151E8A837400F4DF84 /* libPaymentControl.a */,
			);
			path = libs;
			sourceTree = "<group>";
		};
		1899E01C1E8A8AAF00F4DF84 /* Frameworks */ = {
			isa = PBXGroup;
			children = (
				188AC7561E8B3FC000A58DE0 /* Foundation.framework */,
				188AC7541E8B3FB800A58DE0 /* UIKit.framework */,
				1899E02F1E8A8B3D00F4DF84 /* CoreMotion.framework */,
				1899E02D1E8A8B2D00F4DF84 /* CFNetwork.framework */,
				1899E02B1E8A8B1F00F4DF84 /* CoreGraphics.framework */,
				1899E0291E8A8B1300F4DF84 /* CoreText.framework */,
				1899E0271E8A8B0A00F4DF84 /* QuartzCore.framework */,
				1899E0251E8A8AF600F4DF84 /* SystemConfiguration.framework */,
				1899E0231E8A8ACF00F4DF84 /* libz.tbd */,
				1899E0211E8A8AC700F4DF84 /* libsqlite3.0.tbd */,
				1899E01F1E8A8ABA00F4DF84 /* libc++.tbd */,
				1899E01D1E8A8AAF00F4DF84 /* CoreTelephony.framework */,
			);
			name = Frameworks;
			sourceTree = "<group>";
		};
		1899E09D1E8A8F2A00F4DF84 /* openssl */ = {
			isa = PBXGroup;
			children = (
				1899E09E1E8A8F2A00F4DF84 /* aes.h */,
				1899E09F1E8A8F2A00F4DF84 /* asn1.h */,
				1899E0A01E8A8F2A00F4DF84 /* asn1_mac.h */,
				1899E0A11E8A8F2A00F4DF84 /* asn1t.h */,
				1899E0A21E8A8F2A00F4DF84 /* bio.h */,
				1899E0A31E8A8F2A00F4DF84 /* blowfish.h */,
				1899E0A41E8A8F2A00F4DF84 /* bn.h */,
				1899E0A51E8A8F2A00F4DF84 /* buffer.h */,
				1899E0A61E8A8F2A00F4DF84 /* camellia.h */,
				1899E0A71E8A8F2A00F4DF84 /* cast.h */,
				1899E0A81E8A8F2A00F4DF84 /* cmac.h */,
				1899E0A91E8A8F2A00F4DF84 /* cms.h */,
				1899E0AA1E8A8F2A00F4DF84 /* comp.h */,
				1899E0AB1E8A8F2A00F4DF84 /* conf.h */,
				1899E0AC1E8A8F2A00F4DF84 /* conf_api.h */,
				1899E0AD1E8A8F2A00F4DF84 /* crypto.h */,
				1899E0AE1E8A8F2A00F4DF84 /* des.h */,
				1899E0AF1E8A8F2A00F4DF84 /* des_old.h */,
				1899E0B01E8A8F2A00F4DF84 /* dh.h */,
				1899E0B11E8A8F2A00F4DF84 /* dsa.h */,
				1899E0B21E8A8F2A00F4DF84 /* dso.h */,
				1899E0B31E8A8F2A00F4DF84 /* dtls1.h */,
				1899E0B41E8A8F2A00F4DF84 /* e_os2.h */,
				1899E0B51E8A8F2A00F4DF84 /* ebcdic.h */,
				1899E0B61E8A8F2A00F4DF84 /* ec.h */,
				1899E0B71E8A8F2A00F4DF84 /* ecdh.h */,
				1899E0B81E8A8F2A00F4DF84 /* ecdsa.h */,
				1899E0B91E8A8F2A00F4DF84 /* engine.h */,
				1899E0BA1E8A8F2A00F4DF84 /* err.h */,
				1899E0BB1E8A8F2A00F4DF84 /* evp.h */,
				1899E0BC1E8A8F2A00F4DF84 /* hmac.h */,
				1899E0BD1E8A8F2A00F4DF84 /* idea.h */,
				1899E0BE1E8A8F2A00F4DF84 /* krb5_asn.h */,
				1899E0BF1E8A8F2A00F4DF84 /* kssl.h */,
				1899E0C01E8A8F2A00F4DF84 /* lhash.h */,
				1899E0C11E8A8F2A00F4DF84 /* md4.h */,
				1899E0C21E8A8F2A00F4DF84 /* md5.h */,
				1899E0C31E8A8F2A00F4DF84 /* mdc2.h */,
				1899E0C41E8A8F2A00F4DF84 /* modes.h */,
				1899E0C51E8A8F2A00F4DF84 /* obj_mac.h */,
				1899E0C61E8A8F2A00F4DF84 /* objects.h */,
				1899E0C71E8A8F2A00F4DF84 /* ocsp.h */,
				1899E0C81E8A8F2A00F4DF84 /* opensslconf.h */,
				1899E0C91E8A8F2A00F4DF84 /* opensslv.h */,
				1899E0CA1E8A8F2A00F4DF84 /* ossl_typ.h */,
				1899E0CB1E8A8F2A00F4DF84 /* pem.h */,
				1899E0CC1E8A8F2A00F4DF84 /* pem2.h */,
				1899E0CD1E8A8F2A00F4DF84 /* pkcs12.h */,
				1899E0CE1E8A8F2A00F4DF84 /* pkcs7.h */,
				1899E0CF1E8A8F2A00F4DF84 /* pqueue.h */,
				1899E0D01E8A8F2A00F4DF84 /* rand.h */,
				1899E0D11E8A8F2A00F4DF84 /* rc2.h */,
				1899E0D21E8A8F2A00F4DF84 /* rc4.h */,
				1899E0D31E8A8F2A00F4DF84 /* ripemd.h */,
				1899E0D41E8A8F2A00F4DF84 /* rsa.h */,
				1899E0D51E8A8F2A00F4DF84 /* safestack.h */,
				1899E0D61E8A8F2A00F4DF84 /* seed.h */,
				1899E0D71E8A8F2A00F4DF84 /* sha.h */,
				1899E0D81E8A8F2A00F4DF84 /* srp.h */,
				1899E0D91E8A8F2A00F4DF84 /* srtp.h */,
				1899E0DA1E8A8F2A00F4DF84 /* ssl.h */,
				1899E0DB1E8A8F2A00F4DF84 /* ssl2.h */,
				1899E0DC1E8A8F2A00F4DF84 /* ssl23.h */,
				1899E0DD1E8A8F2A00F4DF84 /* ssl3.h */,
				1899E0DE1E8A8F2A00F4DF84 /* stack.h */,
				1899E0DF1E8A8F2A00F4DF84 /* symhacks.h */,
				1899E0E01E8A8F2A00F4DF84 /* tls1.h */,
				1899E0E11E8A8F2A00F4DF84 /* ts.h */,
				1899E0E21E8A8F2A00F4DF84 /* txt_db.h */,
				1899E0E31E8A8F2A00F4DF84 /* ui.h */,
				1899E0E41E8A8F2A00F4DF84 /* ui_compat.h */,
				1899E0E51E8A8F2A00F4DF84 /* whrlpool.h */,
				1899E0E61E8A8F2A00F4DF84 /* x509.h */,
				1899E0E71E8A8F2A00F4DF84 /* x509_vfy.h */,
				1899E0E81E8A8F2A00F4DF84 /* x509v3.h */,
			);
			path = openssl;
			sourceTree = "<group>";
		};
		1899E0EB1E8A8F2A00F4DF84 /* Util */ = {
			isa = PBXGroup;
			children = (
				1899E0EC1E8A8F2A00F4DF84 /* base64.h */,
				1899E0ED1E8A8F2A00F4DF84 /* base64.m */,
				1899E0EE1E8A8F2A00F4DF84 /* config.h */,
				1899E0EF1E8A8F2A00F4DF84 /* DataSigner.h */,
				1899E0F01E8A8F2A00F4DF84 /* DataSigner.m */,
				1899E0F11E8A8F2A00F4DF84 /* DataVerifier.h */,
				1899E0F21E8A8F2A00F4DF84 /* DataVerifier.m */,
				1899E0F31E8A8F2A00F4DF84 /* MD5DataSigner.h */,
				1899E0F41E8A8F2A00F4DF84 /* MD5DataSigner.m */,
				1899E0F51E8A8F2A00F4DF84 /* NSDataEx.h */,
				1899E0F61E8A8F2A00F4DF84 /* NSDataEx.m */,
				1899E0F71E8A8F2A00F4DF84 /* openssl_wrapper.h */,
				1899E0F81E8A8F2A00F4DF84 /* openssl_wrapper.m */,
				1899E0F91E8A8F2A00F4DF84 /* RSADataSigner.h */,
				1899E0FA1E8A8F2A00F4DF84 /* RSADataSigner.m */,
				1899E0FB1E8A8F2A00F4DF84 /* RSADataVerifier.h */,
				1899E0FC1E8A8F2A00F4DF84 /* RSADataVerifier.m */,
			);
			path = Util;
			sourceTree = "<group>";
		};
/* End PBXGroup section */

/* Begin PBXNativeTarget section */
		1899DFE11E8A7FA300F4DF84 /* PayToolsProject */ = {
			isa = PBXNativeTarget;
			buildConfigurationList = 1899DFF91E8A7FA300F4DF84 /* Build configuration list for PBXNativeTarget "PayToolsProject" */;
			buildPhases = (
				1899DFDE1E8A7FA300F4DF84 /* Sources */,
				1899DFDF1E8A7FA300F4DF84 /* Frameworks */,
				1899DFE01E8A7FA300F4DF84 /* Resources */,
			);
			buildRules = (
			);
			dependencies = (
			);
			name = PayToolsProject;
			productName = PayToolsProject;
			productReference = 1899DFE21E8A7FA300F4DF84 /* PayToolsProject.app */;
			productType = "com.apple.product-type.application";
		};
/* End PBXNativeTarget section */

/* Begin PBXProject section */
		1899DFDA1E8A7FA300F4DF84 /* Project object */ = {
			isa = PBXProject;
			attributes = {
				LastUpgradeCheck = 0830;
				ORGANIZATIONNAME = gupeng;
				TargetAttributes = {
					1899DFE11E8A7FA300F4DF84 = {
						CreatedOnToolsVersion = 8.3;
						DevelopmentTeam = KWWEX6F33U;
						ProvisioningStyle = Manual;
					};
				};
			};
			buildConfigurationList = 1899DFDD1E8A7FA300F4DF84 /* Build configuration list for PBXProject "PayToolsProject" */;
			compatibilityVersion = "Xcode 3.2";
			developmentRegion = English;
			hasScannedForEncodings = 0;
			knownRegions = (
				en,
				Base,
			);
			mainGroup = 1899DFD91E8A7FA300F4DF84;
			productRefGroup = 1899DFE31E8A7FA300F4DF84 /* Products */;
			projectDirPath = "";
			projectRoot = "";
			targets = (
				1899DFE11E8A7FA300F4DF84 /* PayToolsProject */,
			);
		};
/* End PBXProject section */

/* Begin PBXResourcesBuildPhase section */
		1899DFE01E8A7FA300F4DF84 /* Resources */ = {
			isa = PBXResourcesBuildPhase;
			buildActionMask = 2147483647;
			files = (
				1899DFF51E8A7FA300F4DF84 /* LaunchScreen.storyboard in Resources */,
				1899DFF21E8A7FA300F4DF84 /* Assets.xcassets in Resources */,
				1899E00D1E8A832500F4DF84 /* AlipaySDK.bundle in Resources */,
				1899DFF01E8A7FA300F4DF84 /* Main.storyboard in Resources */,
				1899E0111E8A832500F4DF84 /* README.txt in Resources */,
			);
			runOnlyForDeploymentPostprocessing = 0;
		};
/* End PBXResourcesBuildPhase section */

/* Begin PBXSourcesBuildPhase section */
		1899DFDE1E8A7FA300F4DF84 /* Sources */ = {
			isa = PBXSourcesBuildPhase;
			buildActionMask = 2147483647;
			files = (
				1899E1051E8A8F2A00F4DF84 /* RSADataVerifier.m in Sources */,
				1899E1031E8A8F2A00F4DF84 /* openssl_wrapper.m in Sources */,
				1899E0FE1E8A8F2A00F4DF84 /* base64.m in Sources */,
				1899E1021E8A8F2A00F4DF84 /* NSDataEx.m in Sources */,
				188AC75E1E8B477300A58DE0 /* UIView+Toast.m in Sources */,
				1899E1011E8A8F2A00F4DF84 /* MD5DataSigner.m in Sources */,
				1899DFED1E8A7FA300F4DF84 /* ViewController.m in Sources */,
				188AC76B1E8B97E600A58DE0 /* PayViewController.m in Sources */,
				1899E0FD1E8A8F2A00F4DF84 /* Order.m in Sources */,
				1899E1041E8A8F2A00F4DF84 /* RSADataSigner.m in Sources */,
				1899DFEA1E8A7FA300F4DF84 /* AppDelegate.m in Sources */,
				1899E0331E8A8D0600F4DF84 /* PayToolsManager.m in Sources */,
				1899DFE71E8A7FA300F4DF84 /* main.m in Sources */,
				1899E0FF1E8A8F2A00F4DF84 /* DataSigner.m in Sources */,
				188AC7681E8B8C7800A58DE0 /* WXUtil.mm in Sources */,
				1899E1001E8A8F2A00F4DF84 /* DataVerifier.m in Sources */,
			);
			runOnlyForDeploymentPostprocessing = 0;
		};
/* End PBXSourcesBuildPhase section */

/* Begin PBXVariantGroup section */
		1899DFEE1E8A7FA300F4DF84 /* Main.storyboard */ = {
			isa = PBXVariantGroup;
			children = (
				1899DFEF1E8A7FA300F4DF84 /* Base */,
			);
			name = Main.storyboard;
			sourceTree = "<group>";
		};
		1899DFF31E8A7FA300F4DF84 /* LaunchScreen.storyboard */ = {
			isa = PBXVariantGroup;
			children = (
				1899DFF41E8A7FA300F4DF84 /* Base */,
			);
			name = LaunchScreen.storyboard;
			sourceTree = "<group>";
		};
/* End PBXVariantGroup section */

/* Begin XCBuildConfiguration section */
		1899DFF71E8A7FA300F4DF84 /* Debug */ = {
			isa = XCBuildConfiguration;
			buildSettings = {
				ALWAYS_SEARCH_USER_PATHS = NO;
				CLANG_ANALYZER_NONNULL = YES;
				CLANG_ANALYZER_NUMBER_OBJECT_CONVERSION = YES_AGGRESSIVE;
				CLANG_CXX_LANGUAGE_STANDARD = "gnu++0x";
				CLANG_CXX_LIBRARY = "libc++";
				CLANG_ENABLE_MODULES = YES;
				CLANG_ENABLE_OBJC_ARC = YES;
				CLANG_WARN_BOOL_CONVERSION = YES;
				CLANG_WARN_CONSTANT_CONVERSION = YES;
				CLANG_WARN_DIRECT_OBJC_ISA_USAGE = YES_ERROR;
				CLANG_WARN_DOCUMENTATION_COMMENTS = YES;
				CLANG_WARN_EMPTY_BODY = YES;
				CLANG_WARN_ENUM_CONVERSION = YES;
				CLANG_WARN_INFINITE_RECURSION = YES;
				CLANG_WARN_INT_CONVERSION = YES;
				CLANG_WARN_OBJC_ROOT_CLASS = YES_ERROR;
				CLANG_WARN_SUSPICIOUS_MOVE = YES;
				CLANG_WARN_UNREACHABLE_CODE = YES;
				CLANG_WARN__DUPLICATE_METHOD_MATCH = YES;
				"CODE_SIGN_IDENTITY[sdk=iphoneos*]" = "iPhone Developer";
				COPY_PHASE_STRIP = NO;
				DEBUG_INFORMATION_FORMAT = dwarf;
				ENABLE_STRICT_OBJC_MSGSEND = YES;
				ENABLE_TESTABILITY = YES;
				GCC_C_LANGUAGE_STANDARD = gnu99;
				GCC_DYNAMIC_NO_PIC = NO;
				GCC_NO_COMMON_BLOCKS = YES;
				GCC_OPTIMIZATION_LEVEL = 0;
				GCC_PREPROCESSOR_DEFINITIONS = (
					"DEBUG=1",
					"$(inherited)",
				);
				GCC_WARN_64_TO_32_BIT_CONVERSION = YES;
				GCC_WARN_ABOUT_RETURN_TYPE = YES_ERROR;
				GCC_WARN_UNDECLARED_SELECTOR = YES;
				GCC_WARN_UNINITIALIZED_AUTOS = YES_AGGRESSIVE;
				GCC_WARN_UNUSED_FUNCTION = YES;
				GCC_WARN_UNUSED_VARIABLE = YES;
				IPHONEOS_DEPLOYMENT_TARGET = 10.3;
				MTL_ENABLE_DEBUG_INFO = YES;
				ONLY_ACTIVE_ARCH = YES;
				SDKROOT = iphoneos;
				TARGETED_DEVICE_FAMILY = "1,2";
			};
			name = Debug;
		};
		1899DFF81E8A7FA300F4DF84 /* Release */ = {
			isa = XCBuildConfiguration;
			buildSettings = {
				ALWAYS_SEARCH_USER_PATHS = NO;
				CLANG_ANALYZER_NONNULL = YES;
				CLANG_ANALYZER_NUMBER_OBJECT_CONVERSION = YES_AGGRESSIVE;
				CLANG_CXX_LANGUAGE_STANDARD = "gnu++0x";
				CLANG_CXX_LIBRARY = "libc++";
				CLANG_ENABLE_MODULES = YES;
				CLANG_ENABLE_OBJC_ARC = YES;
				CLANG_WARN_BOOL_CONVERSION = YES;
				CLANG_WARN_CONSTANT_CONVERSION = YES;
				CLANG_WARN_DIRECT_OBJC_ISA_USAGE = YES_ERROR;
				CLANG_WARN_DOCUMENTATION_COMMENTS = YES;
				CLANG_WARN_EMPTY_BODY = YES;
				CLANG_WARN_ENUM_CONVERSION = YES;
				CLANG_WARN_INFINITE_RECURSION = YES;
				CLANG_WARN_INT_CONVERSION = YES;
				CLANG_WARN_OBJC_ROOT_CLASS = YES_ERROR;
				CLANG_WARN_SUSPICIOUS_MOVE = YES;
				CLANG_WARN_UNREACHABLE_CODE = YES;
				CLANG_WARN__DUPLICATE_METHOD_MATCH = YES;
				"CODE_SIGN_IDENTITY[sdk=iphoneos*]" = "iPhone Developer";
				COPY_PHASE_STRIP = NO;
				DEBUG_INFORMATION_FORMAT = "dwarf-with-dsym";
				ENABLE_NS_ASSERTIONS = NO;
				ENABLE_STRICT_OBJC_MSGSEND = YES;
				GCC_C_LANGUAGE_STANDARD = gnu99;
				GCC_NO_COMMON_BLOCKS = YES;
				GCC_WARN_64_TO_32_BIT_CONVERSION = YES;
				GCC_WARN_ABOUT_RETURN_TYPE = YES_ERROR;
				GCC_WARN_UNDECLARED_SELECTOR = YES;
				GCC_WARN_UNINITIALIZED_AUTOS = YES_AGGRESSIVE;
				GCC_WARN_UNUSED_FUNCTION = YES;
				GCC_WARN_UNUSED_VARIABLE = YES;
				IPHONEOS_DEPLOYMENT_TARGET = 10.3;
				MTL_ENABLE_DEBUG_INFO = NO;
				SDKROOT = iphoneos;
				TARGETED_DEVICE_FAMILY = "1,2";
				VALIDATE_PRODUCT = YES;
			};
			name = Release;
		};
		1899DFFA1E8A7FA300F4DF84 /* Debug */ = {
			isa = XCBuildConfiguration;
			buildSettings = {
				ASSETCATALOG_COMPILER_APPICON_NAME = AppIcon;
				DEVELOPMENT_TEAM = KWWEX6F33U;
				FRAMEWORK_SEARCH_PATHS = (
					"$(inherited)",
					"$(PROJECT_DIR)/PayToolsProject/PayTools/SDK/AliPay",
				);
				HEADER_SEARCH_PATHS = "\"$(SRCROOT)/PayToolsProject/PayTools/SDK/AliPay\"";
				INFOPLIST_FILE = PayToolsProject/Info.plist;
				LD_RUNPATH_SEARCH_PATHS = "$(inherited) @executable_path/Frameworks";
				LIBRARY_SEARCH_PATHS = (
					"$(inherited)",
					"$(PROJECT_DIR)/PayToolsProject/PayTools/SDK/Unionpay/paymentcontrol/libs",
					"$(PROJECT_DIR)/PayToolsProject/PayTools/SDK/WeChat",
					"$(PROJECT_DIR)/PayToolsProject/PayTools/SDK/Unionpay/libs",
					"$(PROJECT_DIR)/PayToolsProject/PayTools/SDK/AliPay",
				);
				OTHER_LDFLAGS = (
					"-Objc",
					"-all_load",
				);
				PRODUCT_BUNDLE_IDENTIFIER = com.ycxc.chezhu;
				PRODUCT_NAME = "$(TARGET_NAME)";
				PROVISIONING_PROFILE = "6e1965ef-5c31-4d1f-bd23-50887ed9dc41";
				PROVISIONING_PROFILE_SPECIFIER = weixinDevelopment;
			};
			name = Debug;
		};
		1899DFFB1E8A7FA300F4DF84 /* Release */ = {
			isa = XCBuildConfiguration;
			buildSettings = {
				ASSETCATALOG_COMPILER_APPICON_NAME = AppIcon;
				DEVELOPMENT_TEAM = "";
				FRAMEWORK_SEARCH_PATHS = (
					"$(inherited)",
					"$(PROJECT_DIR)/PayToolsProject/PayTools/SDK/AliPay",
				);
				HEADER_SEARCH_PATHS = "\"$(SRCROOT)/PayToolsProject/PayTools/SDK/AliPay\"";
				INFOPLIST_FILE = PayToolsProject/Info.plist;
				LD_RUNPATH_SEARCH_PATHS = "$(inherited) @executable_path/Frameworks";
				LIBRARY_SEARCH_PATHS = (
					"$(inherited)",
					"$(PROJECT_DIR)/PayToolsProject/PayTools/SDK/Unionpay/paymentcontrol/libs",
					"$(PROJECT_DIR)/PayToolsProject/PayTools/SDK/WeChat",
					"$(PROJECT_DIR)/PayToolsProject/PayTools/SDK/Unionpay/libs",
					"$(PROJECT_DIR)/PayToolsProject/PayTools/SDK/AliPay",
				);
				OTHER_LDFLAGS = (
					"-Objc",
					"-all_load",
				);
				PRODUCT_BUNDLE_IDENTIFIER = com.ycxc.chezhu;
				PRODUCT_NAME = "$(TARGET_NAME)";
				PROVISIONING_PROFILE_SPECIFIER = "";
			};
			name = Release;
		};
/* End XCBuildConfiguration section */

/* Begin XCConfigurationList section */
		1899DFDD1E8A7FA300F4DF84 /* Build configuration list for PBXProject "PayToolsProject" */ = {
			isa = XCConfigurationList;
			buildConfigurations = (
				1899DFF71E8A7FA300F4DF84 /* Debug */,
				1899DFF81E8A7FA300F4DF84 /* Release */,
			);
			defaultConfigurationIsVisible = 0;
			defaultConfigurationName = Release;
		};
		1899DFF91E8A7FA300F4DF84 /* Build configuration list for PBXNativeTarget "PayToolsProject" */ = {
			isa = XCConfigurationList;
			buildConfigurations = (
				1899DFFA1E8A7FA300F4DF84 /* Debug */,
				1899DFFB1E8A7FA300F4DF84 /* Release */,
			);
			defaultConfigurationIsVisible = 0;
			defaultConfigurationName = Release;
		};
/* End XCConfigurationList section */
	};
	rootObject = 1899DFDA1E8A7FA300F4DF84 /* Project object */;
}
